
Microsoft Visual Studio Solution File, Format Version 11.00
# Visual Studio 2010
Project("{FAE04EC0-301F-11D3-BF4B-00C04F79EFBC}") = "RotateTest", "RotateTest\RotateTest.csproj", "{3DA5D20C-76DE-4201-B793-28F35A68205A}"
EndProject
Project("{FAE04EC0-301F-11D3-BF4B-00C04F79EFBC}") = "CsvLogging", "..\Common\CsvLogging\CsvLogging.csproj", "{E623AB30-A65B-4010-ADDA-8FE23E4152F4}"
EndProject
Global
	GlobalSection(SolutionConfigurationPlatforms) = preSolution
		Debug|Any CPU = Debug|Any CPU
		Debug|Mixed Platforms = Debug|Mixed Platforms
		Debug|x86 = Debug|x86
		Release|Any CPU = Release|Any CPU
		Release|Mixed Platforms = Release|Mixed Platforms
		Release|x86 = Release|x86
	EndGlobalSection
	GlobalSection(ProjectConfigurationPlatforms) = postSolution
		{3DA5D20C-76DE-4201-B793-28F35A68205A}.Debug|Any CPU.ActiveCfg = Debug|x86
		{3DA5D20C-76DE-4201-B793-28F35A68205A}.Debug|Mixed Platforms.ActiveCfg = Debug|x86
		{3DA5D20C-76DE-4201-B793-28F35A68205A}.Debug|Mixed Platforms.Build.0 = Debug|x86
		{3DA5D20C-76DE-4201-B793-28F35A68205A}.Debug|x86.ActiveCfg = Debug|x86
		{3DA5D20C-76DE-4201-B793-28F35A68205A}.Debug|x86.Build.0 = Debug|x86
		{3DA5D20C-76DE-4201-B793-28F35A68205A}.Release|Any CPU.ActiveCfg = Release|x86
		{3DA5D20C-76DE-4201-B793-28F35A68205A}.Release|Mixed Platforms.ActiveCfg = Release|x86
		{3DA5D20C-76DE-4201-B793-28F35A68205A}.Release|Mixed Platforms.Build.0 = Release|x86
		{3DA5D20C-76DE-4201-B793-28F35A68205A}.Release|x86.ActiveCfg = Release|x86
		{3DA5D20C-76DE-4201-B793-28F35A68205A}.Release|x86.Build.0 = Release|x86
		{E623AB30-A65B-4010-ADDA-8FE23E4152F4}.Debug|Any CPU.ActiveCfg = Debug|Any CPU
		{E623AB30-A65B-4010-ADDA-8FE23E4152F4}.Debug|Any CPU.Build.0 = Debug|Any CPU
		{E623AB30-A65B-4010-ADDA-8FE23E4152F4}.Debug|Mixed Platforms.ActiveCfg = Debug|Any CPU
		{E623AB30-A65B-4010-ADDA-8FE23E4152F4}.Debug|Mixed Platforms.Build.0 = Debug|Any CPU
		{E623AB30-A65B-4010-ADDA-8FE23E4152F4}.Debug|x86.ActiveCfg = Debug|Any CPU
		{E623AB30-A65B-4010-ADDA-8FE23E4152F4}.Release|Any CPU.ActiveCfg = Release|Any CPU
		{E623AB30-A65B-4010-ADDA-8FE23E4152F4}.Release|Any CPU.Build.0 = Release|Any CPU
		{E623AB30-A65B-4010-ADDA-8FE23E4152F4}.Release|Mixed Platforms.ActiveCfg = Release|Any CPU
		{E623AB30-A65B-4010-ADDA-8FE23E4152F4}.Release|Mixed Platforms.Build.0 = Release|Any CPU
		{E623AB30-A65B-4010-ADDA-8FE23E4152F4}.Release|x86.ActiveCfg = Release|Any CPU
	EndGlobalSection
	GlobalSection(SolutionProperties) = preSolution
		HideSolutionNode = FALSE
	EndGlobalSection
EndGlobal
